<Solution>
  <Folder Name="/src/">
    <Project Path="src/Elementum.Domain/Elementum.Domain.csproj" />
    <Project Path="src/Elementum.Application/Elementum.Application.csproj" />
    <Project Path="src/Elementum.Infrastructure/Elementum.Infrastructure.csproj" />
    <Project Path="src/Elementum.Api/Elementum.Api.csproj" />
    <Project Path="src/Elementum.Worker/Elementum.Worker.csproj" />
    <Project Path="src/Elementum.Cli/Elementum.Cli.csproj" />
  </Folder>
  <Folder Name="/tests/">
    <Project Path="tests/Elementum.Domain.Tests/Elementum.Domain.Tests.csproj" />
    <Project Path="tests/Elementum.ArchitectureTests/Elementum.ArchitectureTests.csproj" />
    <Project Path="tests/Elementum.Application.Tests/Elementum.Application.Tests.csproj" />
    <Project Path="tests/Elementum.Api.Tests/Elementum.Api.Tests.csproj" />
    <Project Path="tests/Elementum.Worker.Tests/Elementum.Worker.Tests.csproj" />
    <Project Path="tests/Elementum.Cli.Tests/Elementum.Cli.Tests.csproj" />
  </Folder>
</Solution>
